
Microsoft Visual Studio Solution File, Format Version 12.00
# Visual Studio Version 17
VisualStudioVersion = 17.14.36301.6 d17.14
MinimumVisualStudioVersion = 10.0.40219.1
Project("{FAE04EC0-301F-11D3-BF4B-00C04F79EFBC}") = "Connect To Sql Server", "Connect To Sql Server.csproj", "{300A2F99-A1B2-41CF-A0AD-6D7CD936C916}"
EndProject
Global
	GlobalSection(SolutionConfigurationPlatforms) = preSolution
		Debug|Any CPU = Debug|Any CPU
		Release|Any CPU = Release|Any CPU
	EndGlobalSection
	GlobalSection(ProjectConfigurationPlatforms) = postSolution
		{300A2F99-A1B2-41CF-A0AD-6D7CD936C916}.Debug|Any CPU.ActiveCfg = Debug|Any CPU
		{300A2F99-A1B2-41CF-A0AD-6D7CD936C916}.Debug|Any CPU.Build.0 = Debug|Any CPU
		{300A2F99-A1B2-41CF-A0AD-6D7CD936C916}.Release|Any CPU.ActiveCfg = Release|Any CPU
		{300A2F99-A1B2-41CF-A0AD-6D7CD936C916}.Release|Any CPU.Build.0 = Release|Any CPU
	EndGlobalSection
	GlobalSection(SolutionProperties) = preSolution
		HideSolutionNode = FALSE
	EndGlobalSection
	GlobalSection(ExtensibilityGlobals) = postSolution
		SolutionGuid = {135968D9-1057-462A-A991-2749E92DA987}
	EndGlobalSection
EndGlobal
